// !$*UTF8*$!
{
	archiveVersion = 1;
	classes = {
	};
	objectVersion = 55;
	objects = {

/* Begin PBXBuildFile section */
		372EFE2C29678A2400BBCC99 /* account.png in Resources */ = {isa = PBXBuildFile; fileRef = 372EFE2B29678A2400BBCC99 /* account.png */; };
		372EFE2E29678AFE00BBCC99 /* stripes.png in Resources */ = {isa = PBXBuildFile; fileRef = 372EFE2D29678AFE00BBCC99 /* stripes.png */; };
		372EFE302967B0CF00BBCC99 /* UserAccountViewController.swift in Sources */ = {isa = PBXBuildFile; fileRef = 372EFE2F2967B0CF00BBCC99 /* UserAccountViewController.swift */; };
		372EFE322967B14C00BBCC99 /* TabletsViewController.swift in Sources */ = {isa = PBXBuildFile; fileRef = 372EFE312967B14C00BBCC99 /* TabletsViewController.swift */; };
		3732E51129631A7A000EA112 /* SignInViewController.swift in Sources */ = {isa = PBXBuildFile; fileRef = 3732E51029631A7A000EA112 /* SignInViewController.swift */; };
		3732E51329631A86000EA112 /* SignUpViewController.swift in Sources */ = {isa = PBXBuildFile; fileRef = 3732E51229631A86000EA112 /* SignUpViewController.swift */; };
		375337EB295F78EE007D1415 /* AppDelegate.swift in Sources */ = {isa = PBXBuildFile; fileRef = 375337EA295F78EE007D1415 /* AppDelegate.swift */; };
		375337ED295F78EE007D1415 /* SceneDelegate.swift in Sources */ = {isa = PBXBuildFile; fileRef = 375337EC295F78EE007D1415 /* SceneDelegate.swift */; };
		375337F2295F78EE007D1415 /* Main.storyboard in Resources */ = {isa = PBXBuildFile; fileRef = 375337F0295F78EE007D1415 /* Main.storyboard */; };
		375337F4295F78EE007D1415 /* Assets.xcassets in Resources */ = {isa = PBXBuildFile; fileRef = 375337F3295F78EE007D1415 /* Assets.xcassets */; };
		375337F7295F78EE007D1415 /* LaunchScreen.storyboard in Resources */ = {isa = PBXBuildFile; fileRef = 375337F5295F78EE007D1415 /* LaunchScreen.storyboard */; };
		3759F6CF295F7D06006DC324 /* GoogleService-Info.plist in Resources */ = {isa = PBXBuildFile; fileRef = 3759F6CE295F7D06006DC324 /* GoogleService-Info.plist */; };
		3759F6D1295F7EFB006DC324 /* StartScreenController.swift in Sources */ = {isa = PBXBuildFile; fileRef = 3759F6D0295F7EFB006DC324 /* StartScreenController.swift */; };
		3759F6DE295F8FD9006DC324 /* BackgroundScreenView.swift in Sources */ = {isa = PBXBuildFile; fileRef = 3759F6DD295F8FD9006DC324 /* BackgroundScreenView.swift */; };
		3759F6E5295FAE7A006DC324 /* ExtensionBarBackButton.swift in Sources */ = {isa = PBXBuildFile; fileRef = 3759F6E4295FAE7A006DC324 /* ExtensionBarBackButton.swift */; };
		3759F6E7295FB0AC006DC324 /* main_screen.jpg in Resources */ = {isa = PBXBuildFile; fileRef = 3759F6E6295FB0AC006DC324 /* main_screen.jpg */; };
		37662EB029670C6B004A4AC2 /* AuthenticationViewModel.swift in Sources */ = {isa = PBXBuildFile; fileRef = 37662EAF29670C6B004A4AC2 /* AuthenticationViewModel.swift */; };
		37662EB229671AE4004A4AC2 /* ExtensionAuthenticationViewModel.swift in Sources */ = {isa = PBXBuildFile; fileRef = 37662EB129671AE4004A4AC2 /* ExtensionAuthenticationViewModel.swift */; };
		377C5B152962A1F00090AB3D /* RoundButtonView.swift in Sources */ = {isa = PBXBuildFile; fileRef = 377C5B142962A1F00090AB3D /* RoundButtonView.swift */; };
		377C5B192962A8F10090AB3D /* company_icon.png in Resources */ = {isa = PBXBuildFile; fileRef = 377C5B182962A8F10090AB3D /* company_icon.png */; };
		379260472967B6210034CA6A /* TabBarViewController.swift in Sources */ = {isa = PBXBuildFile; fileRef = 379260462967B6210034CA6A /* TabBarViewController.swift */; };
		379CC8E3296841F800557FC9 /* ExtensionUITabBarController.swift in Sources */ = {isa = PBXBuildFile; fileRef = 379CC8E2296841F800557FC9 /* ExtensionUITabBarController.swift */; };
		37D3E34C29650D21007774B4 /* ExtensionUIViewController.swift in Sources */ = {isa = PBXBuildFile; fileRef = 37D3E34B29650D21007774B4 /* ExtensionUIViewController.swift */; };
		B65D757A6750047D3E4AE1A9 /* Pods_iMedical.framework in Frameworks */ = {isa = PBXBuildFile; fileRef = 8E771E8A57316FD4C32AF827 /* Pods_iMedical.framework */; };
/* End PBXBuildFile section */

/* Begin PBXFileReference section */
		372EFE2B29678A2400BBCC99 /* account.png */ = {isa = PBXFileReference; lastKnownFileType = image.png; path = account.png; sourceTree = "<group>"; };
		372EFE2D29678AFE00BBCC99 /* stripes.png */ = {isa = PBXFileReference; lastKnownFileType = image.png; path = stripes.png; sourceTree = "<group>"; };
		372EFE2F2967B0CF00BBCC99 /* UserAccountViewController.swift */ = {isa = PBXFileReference; lastKnownFileType = sourcecode.swift; path = UserAccountViewController.swift; sourceTree = "<group>"; };
		372EFE312967B14C00BBCC99 /* TabletsViewController.swift */ = {isa = PBXFileReference; lastKnownFileType = sourcecode.swift; path = TabletsViewController.swift; sourceTree = "<group>"; };
		3732E51029631A7A000EA112 /* SignInViewController.swift */ = {isa = PBXFileReference; lastKnownFileType = sourcecode.swift; path = SignInViewController.swift; sourceTree = "<group>"; };
		3732E51229631A86000EA112 /* SignUpViewController.swift */ = {isa = PBXFileReference; lastKnownFileType = sourcecode.swift; path = SignUpViewController.swift; sourceTree = "<group>"; };
		375337E7295F78EE007D1415 /* iMedical.app */ = {isa = PBXFileReference; explicitFileType = wrapper.application; includeInIndex = 0; path = iMedical.app; sourceTree = BUILT_PRODUCTS_DIR; };
		375337EA295F78EE007D1415 /* AppDelegate.swift */ = {isa = PBXFileReference; lastKnownFileType = sourcecode.swift; path = AppDelegate.swift; sourceTree = "<group>"; };
		375337EC295F78EE007D1415 /* SceneDelegate.swift */ = {isa = PBXFileReference; lastKnownFileType = sourcecode.swift; path = SceneDelegate.swift; sourceTree = "<group>"; };
		375337F1295F78EE007D1415 /* Base */ = {isa = PBXFileReference; lastKnownFileType = file.storyboard; name = Base; path = Base.lproj/Main.storyboard; sourceTree = "<group>"; };
		375337F3295F78EE007D1415 /* Assets.xcassets */ = {isa = PBXFileReference; lastKnownFileType = folder.assetcatalog; path = Assets.xcassets; sourceTree = "<group>"; };
		375337F6295F78EE007D1415 /* Base */ = {isa = PBXFileReference; lastKnownFileType = file.storyboard; name = Base; path = Base.lproj/LaunchScreen.storyboard; sourceTree = "<group>"; };
		375337F8295F78EE007D1415 /* Info.plist */ = {isa = PBXFileReference; lastKnownFileType = text.plist.xml; path = Info.plist; sourceTree = "<group>"; };
		3759F6CE295F7D06006DC324 /* GoogleService-Info.plist */ = {isa = PBXFileReference; fileEncoding = 4; lastKnownFileType = text.plist.xml; path = "GoogleService-Info.plist"; sourceTree = "<group>"; };
		3759F6D0295F7EFB006DC324 /* StartScreenController.swift */ = {isa = PBXFileReference; lastKnownFileType = sourcecode.swift; path = StartScreenController.swift; sourceTree = "<group>"; };
		3759F6DD295F8FD9006DC324 /* BackgroundScreenView.swift */ = {isa = PBXFileReference; lastKnownFileType = sourcecode.swift; path = BackgroundScreenView.swift; sourceTree = "<group>"; };
		3759F6E4295FAE7A006DC324 /* ExtensionBarBackButton.swift */ = {isa = PBXFileReference; lastKnownFileType = sourcecode.swift; path = ExtensionBarBackButton.swift; sourceTree = "<group>"; };
		3759F6E6295FB0AC006DC324 /* main_screen.jpg */ = {isa = PBXFileReference; lastKnownFileType = image.jpeg; path = main_screen.jpg; sourceTree = "<group>"; };
		37662EAF29670C6B004A4AC2 /* AuthenticationViewModel.swift */ = {isa = PBXFileReference; lastKnownFileType = sourcecode.swift; path = AuthenticationViewModel.swift; sourceTree = "<group>"; };
		37662EB129671AE4004A4AC2 /* ExtensionAuthenticationViewModel.swift */ = {isa = PBXFileReference; lastKnownFileType = sourcecode.swift; path = ExtensionAuthenticationViewModel.swift; sourceTree = "<group>"; };
		377C5B142962A1F00090AB3D /* RoundButtonView.swift */ = {isa = PBXFileReference; lastKnownFileType = sourcecode.swift; path = RoundButtonView.swift; sourceTree = "<group>"; };
		377C5B182962A8F10090AB3D /* company_icon.png */ = {isa = PBXFileReference; lastKnownFileType = image.png; path = company_icon.png; sourceTree = "<group>"; };
		379260462967B6210034CA6A /* TabBarViewController.swift */ = {isa = PBXFileReference; lastKnownFileType = sourcecode.swift; path = TabBarViewController.swift; sourceTree = "<group>"; };
		379CC8E2296841F800557FC9 /* ExtensionUITabBarController.swift */ = {isa = PBXFileReference; lastKnownFileType = sourcecode.swift; path = ExtensionUITabBarController.swift; sourceTree = "<group>"; };
		37D3E34B29650D21007774B4 /* ExtensionUIViewController.swift */ = {isa = PBXFileReference; lastKnownFileType = sourcecode.swift; path = ExtensionUIViewController.swift; sourceTree = "<group>"; };
		8E771E8A57316FD4C32AF827 /* Pods_iMedical.framework */ = {isa = PBXFileReference; explicitFileType = wrapper.framework; includeInIndex = 0; path = Pods_iMedical.framework; sourceTree = BUILT_PRODUCTS_DIR; };
		D1EE7CDABF311D29BAF435DD /* Pods-iMedical.release.xcconfig */ = {isa = PBXFileReference; includeInIndex = 1; lastKnownFileType = text.xcconfig; name = "Pods-iMedical.release.xcconfig"; path = "Target Support Files/Pods-iMedical/Pods-iMedical.release.xcconfig"; sourceTree = "<group>"; };
		E04AEC4898AE04F72E04D2D7 /* Pods-iMedical.debug.xcconfig */ = {isa = PBXFileReference; includeInIndex = 1; lastKnownFileType = text.xcconfig; name = "Pods-iMedical.debug.xcconfig"; path = "Target Support Files/Pods-iMedical/Pods-iMedical.debug.xcconfig"; sourceTree = "<group>"; };
/* End PBXFileReference section */

/* Begin PBXFrameworksBuildPhase section */
		375337E4295F78EE007D1415 /* Frameworks */ = {
			isa = PBXFrameworksBuildPhase;
			buildActionMask = 2147483647;
			files = (
				B65D757A6750047D3E4AE1A9 /* Pods_iMedical.framework in Frameworks */,
			);
			runOnlyForDeploymentPostprocessing = 0;
		};
/* End PBXFrameworksBuildPhase section */

/* Begin PBXGroup section */
		119F9B11275159ACCC36A3F3 /* Frameworks */ = {
			isa = PBXGroup;
			children = (
				8E771E8A57316FD4C32AF827 /* Pods_iMedical.framework */,
			);
			name = Frameworks;
			sourceTree = "<group>";
		};
		375337DE295F78EE007D1415 = {
			isa = PBXGroup;
			children = (
				375337E9295F78EE007D1415 /* iMedical */,
				375337E8295F78EE007D1415 /* Products */,
				56AACC301F81F120806415A4 /* Pods */,
				119F9B11275159ACCC36A3F3 /* Frameworks */,
			);
			sourceTree = "<group>";
		};
		375337E8295F78EE007D1415 /* Products */ = {
			isa = PBXGroup;
			children = (
				375337E7295F78EE007D1415 /* iMedical.app */,
			);
			name = Products;
			sourceTree = "<group>";
		};
		375337E9295F78EE007D1415 /* iMedical */ = {
			isa = PBXGroup;
			children = (
				3759F6E1295FA73C006DC324 /* Images */,
				3759F6D2295F7F79006DC324 /* Extensions */,
				37533802295F7978007D1415 /* Resources */,
				37533801295F7960007D1415 /* Views */,
				37533800295F795B007D1415 /* Models */,
				375337FF295F7945007D1415 /* Controllers */,
				375337EA295F78EE007D1415 /* AppDelegate.swift */,
				375337EC295F78EE007D1415 /* SceneDelegate.swift */,
				3759F6CE295F7D06006DC324 /* GoogleService-Info.plist */,
				375337F8295F78EE007D1415 /* Info.plist */,
			);
			path = iMedical;
			sourceTree = "<group>";
		};
		375337FF295F7945007D1415 /* Controllers */ = {
			isa = PBXGroup;
			children = (
				3759F6D0295F7EFB006DC324 /* StartScreenController.swift */,
				3732E51029631A7A000EA112 /* SignInViewController.swift */,
				3732E51229631A86000EA112 /* SignUpViewController.swift */,
				372EFE2F2967B0CF00BBCC99 /* UserAccountViewController.swift */,
				372EFE312967B14C00BBCC99 /* TabletsViewController.swift */,
				379260462967B6210034CA6A /* TabBarViewController.swift */,
			);
			path = Controllers;
			sourceTree = "<group>";
		};
		37533800295F795B007D1415 /* Models */ = {
			isa = PBXGroup;
			children = (
				37662EAF29670C6B004A4AC2 /* AuthenticationViewModel.swift */,
			);
			path = Models;
			sourceTree = "<group>";
		};
		37533801295F7960007D1415 /* Views */ = {
			isa = PBXGroup;
			children = (
				377C5B112961EBDA0090AB3D /* Storyboards */,
				3759F6DD295F8FD9006DC324 /* BackgroundScreenView.swift */,
				377C5B142962A1F00090AB3D /* RoundButtonView.swift */,
			);
			path = Views;
			sourceTree = "<group>";
		};
		37533802295F7978007D1415 /* Resources */ = {
			isa = PBXGroup;
			children = (
				375337F3295F78EE007D1415 /* Assets.xcassets */,
			);
			path = Resources;
			sourceTree = "<group>";
		};
		3759F6D2295F7F79006DC324 /* Extensions */ = {
			isa = PBXGroup;
			children = (
				3759F6E4295FAE7A006DC324 /* ExtensionBarBackButton.swift */,
				37D3E34B29650D21007774B4 /* ExtensionUIViewController.swift */,
				37662EB129671AE4004A4AC2 /* ExtensionAuthenticationViewModel.swift */,
				379CC8E2296841F800557FC9 /* ExtensionUITabBarController.swift */,
			);
			path = Extensions;
			sourceTree = "<group>";
		};
		3759F6E1295FA73C006DC324 /* Images */ = {
			isa = PBXGroup;
			children = (
				372EFE2D29678AFE00BBCC99 /* stripes.png */,
				372EFE2B29678A2400BBCC99 /* account.png */,
				377C5B182962A8F10090AB3D /* company_icon.png */,
				3759F6E6295FB0AC006DC324 /* main_screen.jpg */,
			);
			path = Images;
			sourceTree = "<group>";
		};
		377C5B112961EBDA0090AB3D /* Storyboards */ = {
			isa = PBXGroup;
			children = (
				375337F0295F78EE007D1415 /* Main.storyboard */,
				375337F5295F78EE007D1415 /* LaunchScreen.storyboard */,
			);
			path = Storyboards;
			sourceTree = "<group>";
		};
		56AACC301F81F120806415A4 /* Pods */ = {
			isa = PBXGroup;
			children = (
				E04AEC4898AE04F72E04D2D7 /* Pods-iMedical.debug.xcconfig */,
				D1EE7CDABF311D29BAF435DD /* Pods-iMedical.release.xcconfig */,
			);
			path = Pods;
			sourceTree = "<group>";
		};
/* End PBXGroup section */

/* Begin PBXNativeTarget section */
		375337E6295F78EE007D1415 /* iMedical */ = {
			isa = PBXNativeTarget;
			buildConfigurationList = 375337FB295F78EE007D1415 /* Build configuration list for PBXNativeTarget "iMedical" */;
			buildPhases = (
				933EF87833B9BEB1B71D9A11 /* [CP] Check Pods Manifest.lock */,
				375337E3295F78EE007D1415 /* Sources */,
				375337E4295F78EE007D1415 /* Frameworks */,
				375337E5295F78EE007D1415 /* Resources */,
				488DE940B20335701165E7B9 /* [CP] Embed Pods Frameworks */,
			);
			buildRules = (
			);
			dependencies = (
			);
			name = iMedical;
			productName = iMedical;
			productReference = 375337E7295F78EE007D1415 /* iMedical.app */;
			productType = "com.apple.product-type.application";
		};
/* End PBXNativeTarget section */

/* Begin PBXProject section */
		375337DF295F78EE007D1415 /* Project object */ = {
			isa = PBXProject;
			attributes = {
				BuildIndependentTargetsInParallel = 1;
				LastSwiftUpdateCheck = 1330;
				LastUpgradeCheck = 1330;
				TargetAttributes = {
					375337E6295F78EE007D1415 = {
						CreatedOnToolsVersion = 13.3;
					};
				};
			};
			buildConfigurationList = 375337E2295F78EE007D1415 /* Build configuration list for PBXProject "iMedical" */;
			compatibilityVersion = "Xcode 13.0";
			developmentRegion = en;
			hasScannedForEncodings = 0;
			knownRegions = (
				en,
				Base,
			);
			mainGroup = 375337DE295F78EE007D1415;
			productRefGroup = 375337E8295F78EE007D1415 /* Products */;
			projectDirPath = "";
			projectRoot = "";
			targets = (
				375337E6295F78EE007D1415 /* iMedical */,
			);
		};
/* End PBXProject section */

/* Begin PBXResourcesBuildPhase section */
		375337E5295F78EE007D1415 /* Resources */ = {
			isa = PBXResourcesBuildPhase;
			buildActionMask = 2147483647;
			files = (
				372EFE2E29678AFE00BBCC99 /* stripes.png in Resources */,
				375337F7295F78EE007D1415 /* LaunchScreen.storyboard in Resources */,
				3759F6CF295F7D06006DC324 /* GoogleService-Info.plist in Resources */,
				377C5B192962A8F10090AB3D /* company_icon.png in Resources */,
				372EFE2C29678A2400BBCC99 /* account.png in Resources */,
				375337F4295F78EE007D1415 /* Assets.xcassets in Resources */,
				375337F2295F78EE007D1415 /* Main.storyboard in Resources */,
				3759F6E7295FB0AC006DC324 /* main_screen.jpg in Resources */,
			);
			runOnlyForDeploymentPostprocessing = 0;
		};
/* End PBXResourcesBuildPhase section */

/* Begin PBXShellScriptBuildPhase section */
		488DE940B20335701165E7B9 /* [CP] Embed Pods Frameworks */ = {
			isa = PBXShellScriptBuildPhase;
			buildActionMask = 2147483647;
			files = (
			);
			inputFileListPaths = (
				"${PODS_ROOT}/Target Support Files/Pods-iMedical/Pods-iMedical-frameworks-${CONFIGURATION}-input-files.xcfilelist",
			);
			name = "[CP] Embed Pods Frameworks";
			outputFileListPaths = (
				"${PODS_ROOT}/Target Support Files/Pods-iMedical/Pods-iMedical-frameworks-${CONFIGURATION}-output-files.xcfilelist",
			);
			runOnlyForDeploymentPostprocessing = 0;
			shellPath = /bin/sh;
			shellScript = "\"${PODS_ROOT}/Target Support Files/Pods-iMedical/Pods-iMedical-frameworks.sh\"\n";
			showEnvVarsInLog = 0;
		};
		933EF87833B9BEB1B71D9A11 /* [CP] Check Pods Manifest.lock */ = {
			isa = PBXShellScriptBuildPhase;
			buildActionMask = 2147483647;
			files = (
			);
			inputFileListPaths = (
			);
			inputPaths = (
				"${PODS_PODFILE_DIR_PATH}/Podfile.lock",
				"${PODS_ROOT}/Manifest.lock",
			);
			name = "[CP] Check Pods Manifest.lock";
			outputFileListPaths = (
			);
			outputPaths = (
				"$(DERIVED_FILE_DIR)/Pods-iMedical-checkManifestLockResult.txt",
			);
			runOnlyForDeploymentPostprocessing = 0;
			shellPath = /bin/sh;
			shellScript = "diff \"${PODS_PODFILE_DIR_PATH}/Podfile.lock\" \"${PODS_ROOT}/Manifest.lock\" > /dev/null\nif [ $? != 0 ] ; then\n    # print error to STDERR\n    echo \"error: The sandbox is not in sync with the Podfile.lock. Run 'pod install' or update your CocoaPods installation.\" >&2\n    exit 1\nfi\n# This output is used by Xcode 'outputs' to avoid re-running this script phase.\necho \"SUCCESS\" > \"${SCRIPT_OUTPUT_FILE_0}\"\n";
			showEnvVarsInLog = 0;
		};
/* End PBXShellScriptBuildPhase section */

/* Begin PBXSourcesBuildPhase section */
		375337E3295F78EE007D1415 /* Sources */ = {
			isa = PBXSourcesBuildPhase;
			buildActionMask = 2147483647;
			files = (
				37662EB029670C6B004A4AC2 /* AuthenticationViewModel.swift in Sources */,
				3759F6D1295F7EFB006DC324 /* StartScreenController.swift in Sources */,
				37662EB229671AE4004A4AC2 /* ExtensionAuthenticationViewModel.swift in Sources */,
				377C5B152962A1F00090AB3D /* RoundButtonView.swift in Sources */,
				379260472967B6210034CA6A /* TabBarViewController.swift in Sources */,
				3759F6E5295FAE7A006DC324 /* ExtensionBarBackButton.swift in Sources */,
				372EFE322967B14C00BBCC99 /* TabletsViewController.swift in Sources */,
				3759F6DE295F8FD9006DC324 /* BackgroundScreenView.swift in Sources */,
				379CC8E3296841F800557FC9 /* ExtensionUITabBarController.swift in Sources */,
				3732E51129631A7A000EA112 /* SignInViewController.swift in Sources */,
				375337EB295F78EE007D1415 /* AppDelegate.swift in Sources */,
				3732E51329631A86000EA112 /* SignUpViewController.swift in Sources */,
				375337ED295F78EE007D1415 /* SceneDelegate.swift in Sources */,
				37D3E34C29650D21007774B4 /* ExtensionUIViewController.swift in Sources */,
				372EFE302967B0CF00BBCC99 /* UserAccountViewController.swift in Sources */,
			);
			runOnlyForDeploymentPostprocessing = 0;
		};
/* End PBXSourcesBuildPhase section */

/* Begin PBXVariantGroup section */
		375337F0295F78EE007D1415 /* Main.storyboard */ = {
			isa = PBXVariantGroup;
			children = (
				375337F1295F78EE007D1415 /* Base */,
			);
			name = Main.storyboard;
			sourceTree = "<group>";
		};
		375337F5295F78EE007D1415 /* LaunchScreen.storyboard */ = {
			isa = PBXVariantGroup;
			children = (
				375337F6295F78EE007D1415 /* Base */,
			);
			name = LaunchScreen.storyboard;
			sourceTree = "<group>";
		};
/* End PBXVariantGroup section */

/* Begin XCBuildConfiguration section */
		375337F9295F78EE007D1415 /* Debug */ = {
			isa = XCBuildConfiguration;
			buildSettings = {
				ALWAYS_SEARCH_USER_PATHS = NO;
				CLANG_ANALYZER_NONNULL = YES;
				CLANG_ANALYZER_NUMBER_OBJECT_CONVERSION = YES_AGGRESSIVE;
				CLANG_CXX_LANGUAGE_STANDARD = "gnu++17";
				CLANG_ENABLE_MODULES = YES;
				CLANG_ENABLE_OBJC_ARC = YES;
				CLANG_ENABLE_OBJC_WEAK = YES;
				CLANG_WARN_BLOCK_CAPTURE_AUTORELEASING = YES;
				CLANG_WARN_BOOL_CONVERSION = YES;
				CLANG_WARN_COMMA = YES;
				CLANG_WARN_CONSTANT_CONVERSION = YES;
				CLANG_WARN_DEPRECATED_OBJC_IMPLEMENTATIONS = YES;
				CLANG_WARN_DIRECT_OBJC_ISA_USAGE = YES_ERROR;
				CLANG_WARN_DOCUMENTATION_COMMENTS = YES;
				CLANG_WARN_EMPTY_BODY = YES;
				CLANG_WARN_ENUM_CONVERSION = YES;
				CLANG_WARN_INFINITE_RECURSION = YES;
				CLANG_WARN_INT_CONVERSION = YES;
				CLANG_WARN_NON_LITERAL_NULL_CONVERSION = YES;
				CLANG_WARN_OBJC_IMPLICIT_RETAIN_SELF = YES;
				CLANG_WARN_OBJC_LITERAL_CONVERSION = YES;
				CLANG_WARN_OBJC_ROOT_CLASS = YES_ERROR;
				CLANG_WARN_QUOTED_INCLUDE_IN_FRAMEWORK_HEADER = YES;
				CLANG_WARN_RANGE_LOOP_ANALYSIS = YES;
				CLANG_WARN_STRICT_PROTOTYPES = YES;
				CLANG_WARN_SUSPICIOUS_MOVE = YES;
				CLANG_WARN_UNGUARDED_AVAILABILITY = YES_AGGRESSIVE;
				CLANG_WARN_UNREACHABLE_CODE = YES;
				CLANG_WARN__DUPLICATE_METHOD_MATCH = YES;
				COPY_PHASE_STRIP = NO;
				DEBUG_INFORMATION_FORMAT = dwarf;
				ENABLE_STRICT_OBJC_MSGSEND = YES;
				ENABLE_TESTABILITY = YES;
				GCC_C_LANGUAGE_STANDARD = gnu11;
				GCC_DYNAMIC_NO_PIC = NO;
				GCC_NO_COMMON_BLOCKS = YES;
				GCC_OPTIMIZATION_LEVEL = 0;
				GCC_PREPROCESSOR_DEFINITIONS = (
					"DEBUG=1",
					"$(inherited)",
				);
				GCC_WARN_64_TO_32_BIT_CONVERSION = YES;
				GCC_WARN_ABOUT_RETURN_TYPE = YES_ERROR;
				GCC_WARN_UNDECLARED_SELECTOR = YES;
				GCC_WARN_UNINITIALIZED_AUTOS = YES_AGGRESSIVE;
				GCC_WARN_UNUSED_FUNCTION = YES;
				GCC_WARN_UNUSED_VARIABLE = YES;
				IPHONEOS_DEPLOYMENT_TARGET = 15.4;
				MTL_ENABLE_DEBUG_INFO = INCLUDE_SOURCE;
				MTL_FAST_MATH = YES;
				ONLY_ACTIVE_ARCH = YES;
				SDKROOT = iphoneos;
				SWIFT_ACTIVE_COMPILATION_CONDITIONS = DEBUG;
				SWIFT_OPTIMIZATION_LEVEL = "-Onone";
			};
			name = Debug;
		};
		375337FA295F78EE007D1415 /* Release */ = {
			isa = XCBuildConfiguration;
			buildSettings = {
				ALWAYS_SEARCH_USER_PATHS = NO;
				CLANG_ANALYZER_NONNULL = YES;
				CLANG_ANALYZER_NUMBER_OBJECT_CONVERSION = YES_AGGRESSIVE;
				CLANG_CXX_LANGUAGE_STANDARD = "gnu++17";
				CLANG_ENABLE_MODULES = YES;
				CLANG_ENABLE_OBJC_ARC = YES;
				CLANG_ENABLE_OBJC_WEAK = YES;
				CLANG_WARN_BLOCK_CAPTURE_AUTORELEASING = YES;
				CLANG_WARN_BOOL_CONVERSION = YES;
				CLANG_WARN_COMMA = YES;
				CLANG_WARN_CONSTANT_CONVERSION = YES;
				CLANG_WARN_DEPRECATED_OBJC_IMPLEMENTATIONS = YES;
				CLANG_WARN_DIRECT_OBJC_ISA_USAGE = YES_ERROR;
				CLANG_WARN_DOCUMENTATION_COMMENTS = YES;
				CLANG_WARN_EMPTY_BODY = YES;
				CLANG_WARN_ENUM_CONVERSION = YES;
				CLANG_WARN_INFINITE_RECURSION = YES;
				CLANG_WARN_INT_CONVERSION = YES;
				CLANG_WARN_NON_LITERAL_NULL_CONVERSION = YES;
				CLANG_WARN_OBJC_IMPLICIT_RETAIN_SELF = YES;
				CLANG_WARN_OBJC_LITERAL_CONVERSION = YES;
				CLANG_WARN_OBJC_ROOT_CLASS = YES_ERROR;
				CLANG_WARN_QUOTED_INCLUDE_IN_FRAMEWORK_HEADER = YES;
				CLANG_WARN_RANGE_LOOP_ANALYSIS = YES;
				CLANG_WARN_STRICT_PROTOTYPES = YES;
				CLANG_WARN_SUSPICIOUS_MOVE = YES;
				CLANG_WARN_UNGUARDED_AVAILABILITY = YES_AGGRESSIVE;
				CLANG_WARN_UNREACHABLE_CODE = YES;
				CLANG_WARN__DUPLICATE_METHOD_MATCH = YES;
				COPY_PHASE_STRIP = NO;
				DEBUG_INFORMATION_FORMAT = "dwarf-with-dsym";
				ENABLE_NS_ASSERTIONS = NO;
				ENABLE_STRICT_OBJC_MSGSEND = YES;
				GCC_C_LANGUAGE_STANDARD = gnu11;
				GCC_NO_COMMON_BLOCKS = YES;
				GCC_WARN_64_TO_32_BIT_CONVERSION = YES;
				GCC_WARN_ABOUT_RETURN_TYPE = YES_ERROR;
				GCC_WARN_UNDECLARED_SELECTOR = YES;
				GCC_WARN_UNINITIALIZED_AUTOS = YES_AGGRESSIVE;
				GCC_WARN_UNUSED_FUNCTION = YES;
				GCC_WARN_UNUSED_VARIABLE = YES;
				IPHONEOS_DEPLOYMENT_TARGET = 15.4;
				MTL_ENABLE_DEBUG_INFO = NO;
				MTL_FAST_MATH = YES;
				SDKROOT = iphoneos;
				SWIFT_COMPILATION_MODE = wholemodule;
				SWIFT_OPTIMIZATION_LEVEL = "-O";
				VALIDATE_PRODUCT = YES;
			};
			name = Release;
		};
		375337FC295F78EE007D1415 /* Debug */ = {
			isa = XCBuildConfiguration;
			baseConfigurationReference = E04AEC4898AE04F72E04D2D7 /* Pods-iMedical.debug.xcconfig */;
			buildSettings = {
				ASSETCATALOG_COMPILER_APPICON_NAME = AppIcon;
				ASSETCATALOG_COMPILER_GLOBAL_ACCENT_COLOR_NAME = AccentColor;
				CODE_SIGN_STYLE = Automatic;
				CURRENT_PROJECT_VERSION = 1;
				DEVELOPMENT_TEAM = FB8LQ6BXM4;
				GENERATE_INFOPLIST_FILE = YES;
				INFOPLIST_FILE = iMedical/Info.plist;
				INFOPLIST_KEY_CFBundleDisplayName = iMedical;
				INFOPLIST_KEY_UIApplicationSupportsIndirectInputEvents = YES;
				INFOPLIST_KEY_UILaunchStoryboardName = LaunchScreen;
				INFOPLIST_KEY_UIMainStoryboardFile = Main;
				INFOPLIST_KEY_UISupportedInterfaceOrientations = UIInterfaceOrientationPortrait;
				INFOPLIST_KEY_UISupportedInterfaceOrientations_iPad = "UIInterfaceOrientationPortrait UIInterfaceOrientationPortraitUpsideDown UIInterfaceOrientationLandscapeLeft UIInterfaceOrientationLandscapeRight";
				INFOPLIST_KEY_UISupportedInterfaceOrientations_iPhone = "UIInterfaceOrientationPortrait UIInterfaceOrientationLandscapeLeft UIInterfaceOrientationLandscapeRight";
				IPHONEOS_DEPLOYMENT_TARGET = 13.0;
				LD_RUNPATH_SEARCH_PATHS = (
					"$(inherited)",
					"@executable_path/Frameworks",
				);
				MARKETING_VERSION = 1.0;
				PRODUCT_BUNDLE_IDENTIFIER = md.medicine.iMedical;
				PRODUCT_NAME = "$(TARGET_NAME)";
				SWIFT_EMIT_LOC_STRINGS = YES;
				SWIFT_VERSION = 5.0;
				TARGETED_DEVICE_FAMILY = "1,2";
			};
			name = Debug;
		};
		375337FD295F78EE007D1415 /* Release */ = {
			isa = XCBuildConfiguration;
			baseConfigurationReference = D1EE7CDABF311D29BAF435DD /* Pods-iMedical.release.xcconfig */;
			buildSettings = {
				ASSETCATALOG_COMPILER_APPICON_NAME = AppIcon;
				ASSETCATALOG_COMPILER_GLOBAL_ACCENT_COLOR_NAME = AccentColor;
				CODE_SIGN_STYLE = Automatic;
				CURRENT_PROJECT_VERSION = 1;
				DEVELOPMENT_TEAM = FB8LQ6BXM4;
				GENERATE_INFOPLIST_FILE = YES;
				INFOPLIST_FILE = iMedical/Info.plist;
				INFOPLIST_KEY_CFBundleDisplayName = iMedical;
				INFOPLIST_KEY_UIApplicationSupportsIndirectInputEvents = YES;
				INFOPLIST_KEY_UILaunchStoryboardName = LaunchScreen;
				INFOPLIST_KEY_UIMainStoryboardFile = Main;
				INFOPLIST_KEY_UISupportedInterfaceOrientations = UIInterfaceOrientationPortrait;
				INFOPLIST_KEY_UISupportedInterfaceOrientations_iPad = "UIInterfaceOrientationPortrait UIInterfaceOrientationPortraitUpsideDown UIInterfaceOrientationLandscapeLeft UIInterfaceOrientationLandscapeRight";
				INFOPLIST_KEY_UISupportedInterfaceOrientations_iPhone = "UIInterfaceOrientationPortrait UIInterfaceOrientationLandscapeLeft UIInterfaceOrientationLandscapeRight";
				IPHONEOS_DEPLOYMENT_TARGET = 13.0;
				LD_RUNPATH_SEARCH_PATHS = (
					"$(inherited)",
					"@executable_path/Frameworks",
				);
				MARKETING_VERSION = 1.0;
				PRODUCT_BUNDLE_IDENTIFIER = md.medicine.iMedical;
				PRODUCT_NAME = "$(TARGET_NAME)";
				SWIFT_EMIT_LOC_STRINGS = YES;
				SWIFT_VERSION = 5.0;
				TARGETED_DEVICE_FAMILY = "1,2";
			};
			name = Release;
		};
/* End XCBuildConfiguration section */

/* Begin XCConfigurationList section */
		375337E2295F78EE007D1415 /* Build configuration list for PBXProject "iMedical" */ = {
			isa = XCConfigurationList;
			buildConfigurations = (
				375337F9295F78EE007D1415 /* Debug */,
				375337FA295F78EE007D1415 /* Release */,
			);
			defaultConfigurationIsVisible = 0;
			defaultConfigurationName = Release;
		};
		375337FB295F78EE007D1415 /* Build configuration list for PBXNativeTarget "iMedical" */ = {
			isa = XCConfigurationList;
			buildConfigurations = (
				375337FC295F78EE007D1415 /* Debug */,
				375337FD295F78EE007D1415 /* Release */,
			);
			defaultConfigurationIsVisible = 0;
			defaultConfigurationName = Release;
		};
/* End XCConfigurationList section */
	};
	rootObject = 375337DF295F78EE007D1415 /* Project object */;
}
